PODS:
  - Flutter (1.0.0)
  - html_video (0.0.1):
    - Flutter

DEPENDENCIES:
  - Flutter (from `Flutter`)
  - html_video (from `.symlinks/plugins/html_video/ios`)

EXTERNAL SOURCES:
  Flutter:
    :path: Flutter
  html_video:
    :path: ".symlinks/plugins/html_video/ios"

SPEC CHECKSUMS:
  Flutter: 0e3d915762c693b495b44d77113d4970485de6ec
  html_video: 95dfdf0f79aa980bea388b73ef0c1dc7b6443669

PODFILE CHECKSUM: aafe91acc616949ddb318b77800a7f51bffa2a4c

COCOAPODS: 1.10.0
